<?xml version="1.0" encoding="utf-8"?>
<Project ToolsVersion="4.0" xmlns="http://schemas.microsoft.com/developer/msbuild/2003">
  <ItemGroup>
    <Filter Include="Source Files">
      <UniqueIdentifier>{4FC737F1-C7A5-4376-A066-2A32D752A2FF}</UniqueIdentifier>
      <Extensions>cpp;c;cc;cxx;c++;cppm;ixx;def;odl;idl;hpj;bat;asm;asmx</Extensions>
    </Filter>
    <Filter Include="Level">
      <UniqueIdentifier>{d2e55c4f-cb48-4cd0-8e17-d6c5b7029d8d}</UniqueIdentifier>
    </Filter>
    <Filter Include="Level\Player">
      <UniqueIdentifier>{c5c2184f-973b-4ba3-906a-8fff7b1775fb}</UniqueIdentifier>
    </Filter>
    <Filter Include="Level\Pyramid">
      <UniqueIdentifier>{7c1e46b0-0b2f-4937-aaec-570d2a946182}</UniqueIdentifier>
    </Filter>
    <Filter Include="Level\Components">
      <UniqueIdentifier>{e50f0a3f-a894-4023-89ba-0a794955de89}</UniqueIdentifier>
    </Filter>
    <Filter Include="Level\Enemies">
      <UniqueIdentifier>{29d94507-a160-42e2-995c-3b72ceb0facf}</UniqueIdentifier>
    </Filter>
    <Filter Include="Files">
      <UniqueIdentifier>{16848012-a961-4397-91e6-f7cfcc606531}</UniqueIdentifier>
    </Filter>
    <Filter Include="Commands">
      <UniqueIdentifier>{853e7f2f-3d25-41de-8340-3650f72ef225}</UniqueIdentifier>
    </Filter>
    <Filter Include="Handelers">
      <UniqueIdentifier>{c716f887-7208-4586-9cc1-7935ea1d946e}</UniqueIdentifier>
    </Filter>
    <Filter Include="Level\Disc">
      <UniqueIdentifier>{12b8f635-7c9a-4c09-9409-158be582e7b8}</UniqueIdentifier>
    </Filter>
    <Filter Include="UI">
      <UniqueIdentifier>{2c8363ad-288c-4c1c-af6b-4be73a25af0a}</UniqueIdentifier>
    </Filter>
    <Filter Include="Level\Enemies\Coily">
      <UniqueIdentifier>{ac690bc9-d9a5-4a7b-9218-1c6b9fa2b176}</UniqueIdentifier>
    </Filter>
  </ItemGroup>
  <ItemGroup>
    <ClCompile Include="main.cpp">
      <Filter>Source Files</Filter>
    </ClCompile>
    <ClCompile Include="PyramidCubes.cpp">
      <Filter>Level\Pyramid</Filter>
    </ClCompile>
    <ClCompile Include="Cube.cpp">
      <Filter>Level\Pyramid</Filter>
    </ClCompile>
    <ClCompile Include="QBert.cpp">
      <Filter>Level\Player</Filter>
    </ClCompile>
    <ClCompile Include="Level.cpp">
      <Filter>Level</Filter>
    </ClCompile>
    <ClCompile Include="HealthComponentQbert.cpp">
      <Filter>Level\Components</Filter>
    </ClCompile>
    <ClCompile Include="HighScoreScreen.cpp">
      <Filter>UI</Filter>
    </ClCompile>
    <ClCompile Include="SlickSam.cpp">
      <Filter>Level\Enemies</Filter>
    </ClCompile>
    <ClCompile Include="UggWrongWay.cpp">
      <Filter>Level\Enemies</Filter>
    </ClCompile>
    <ClCompile Include="..\Minigin\SingleMovementComponent.cpp">
      <Filter>Level\Components</Filter>
    </ClCompile>
    <ClCompile Include="EnemyHandeler.cpp">
      <Filter>Handelers</Filter>
    </ClCompile>
    <ClCompile Include="LevelHandeler.cpp">
      <Filter>Handelers</Filter>
    </ClCompile>
    <ClCompile Include="FloatingDisc.cpp">
      <Filter>Level\Disc</Filter>
    </ClCompile>
    <ClCompile Include="Utilities.cpp">
      <Filter>Source Files</Filter>
    </ClCompile>
    <ClCompile Include="ChangeNameScreen.cpp">
      <Filter>UI</Filter>
    </ClCompile>
    <ClCompile Include="MainMenuScreen.cpp">
      <Filter>UI</Filter>
    </ClCompile>
    <ClCompile Include="Coily.cpp">
      <Filter>Level\Enemies\Coily</Filter>
    </ClCompile>
    <ClCompile Include="CoilyState.cpp">
      <Filter>Level\Enemies\Coily</Filter>
    </ClCompile>
    <ClCompile Include="CoilyStateHandeler.cpp">
      <Filter>Level\Enemies\Coily</Filter>
    </ClCompile>
    <ClCompile Include="EggState.cpp">
      <Filter>Level\Enemies\Coily</Filter>
    </ClCompile>
    <ClCompile Include="SnakeState.cpp">
      <Filter>Level\Enemies\Coily</Filter>
    </ClCompile>
  </ItemGroup>
  <ItemGroup>
    <ClInclude Include="PyramidCubes.h">
      <Filter>Level\Pyramid</Filter>
    </ClInclude>
    <ClInclude Include="Cube.h">
      <Filter>Level\Pyramid</Filter>
    </ClInclude>
    <ClInclude Include="QBert.h">
      <Filter>Level\Player</Filter>
    </ClInclude>
    <ClInclude Include="Level.h">
      <Filter>Level</Filter>
    </ClInclude>
    <ClInclude Include="PlayerCommands.h">
      <Filter>Commands</Filter>
    </ClInclude>
    <ClInclude Include="HealthComponentQbert.h">
      <Filter>Level\Components</Filter>
    </ClInclude>
    <ClInclude Include="LevelFile.h">
      <Filter>Files</Filter>
    </ClInclude>
    <ClInclude Include="ScoreFile.h">
      <Filter>Files</Filter>
    </ClInclude>
    <ClInclude Include="HighScoreScreen.h">
      <Filter>UI</Filter>
    </ClInclude>
    <ClInclude Include="SlickSam.h">
      <Filter>Level\Enemies</Filter>
    </ClInclude>
    <ClInclude Include="UggWrongWay.h">
      <Filter>Level\Enemies</Filter>
    </ClInclude>
    <ClInclude Include="Commands.h">
      <Filter>Commands</Filter>
    </ClInclude>
    <ClInclude Include="..\Minigin\SingleMovementComponent.h">
      <Filter>Level\Components</Filter>
    </ClInclude>
    <ClInclude Include="EnemyHandeler.h">
      <Filter>Handelers</Filter>
    </ClInclude>
    <ClInclude Include="LevelHandeler.h">
      <Filter>Handelers</Filter>
    </ClInclude>
    <ClInclude Include="FloatingDisc.h">
      <Filter>Level\Disc</Filter>
    </ClInclude>
    <ClInclude Include="Utilities.h">
      <Filter>Source Files</Filter>
    </ClInclude>
    <ClInclude Include="ChangeNameScreen.h">
      <Filter>UI</Filter>
    </ClInclude>
    <ClInclude Include="MainMenuScreen.h">
      <Filter>UI</Filter>
    </ClInclude>
    <ClInclude Include="Coily.h">
      <Filter>Level\Enemies\Coily</Filter>
    </ClInclude>
    <ClInclude Include="CoilyState.h">
      <Filter>Level\Enemies\Coily</Filter>
    </ClInclude>
    <ClInclude Include="CoilyStateHandeler.h">
      <Filter>Level\Enemies\Coily</Filter>
    </ClInclude>
    <ClInclude Include="EggState.h">
      <Filter>Level\Enemies\Coily</Filter>
    </ClInclude>
    <ClInclude Include="SnakeState.h">
      <Filter>Level\Enemies\Coily</Filter>
    </ClInclude>
  </ItemGroup>
</Project>