<?xml version="1.0" encoding="utf-8"?>
<Project ToolsVersion="4.0" xmlns="http://schemas.microsoft.com/developer/msbuild/2003">
  <ItemGroup>
    <Filter Include="Source Files">
      <UniqueIdentifier>{4FC737F1-C7A5-4376-A066-2A32D752A2FF}</UniqueIdentifier>
      <Extensions>cpp;c;cc;cxx;c++;cppm;ixx;def;odl;idl;hpj;bat;asm;asmx</Extensions>
    </Filter>
    <Filter Include="Header Files">
      <UniqueIdentifier>{93995380-89BD-4b04-88EB-625FBE52EBFB}</UniqueIdentifier>
      <Extensions>h;hh;hpp;hxx;h++;hm;inl;inc;ipp;xsd</Extensions>
    </Filter>
    <Filter Include="Resource Files">
      <UniqueIdentifier>{67DA6AB6-F800-4c08-8B7A-83BB121AAD01}</UniqueIdentifier>
      <Extensions>rc;ico;cur;bmp;dlg;rc2;rct;bin;rgs;gif;jpg;jpeg;jpe;resx;tiff;tif;png;wav;mfcribbon-ms</Extensions>
    </Filter>
    <Filter Include="Level">
      <UniqueIdentifier>{d2e55c4f-cb48-4cd0-8e17-d6c5b7029d8d}</UniqueIdentifier>
    </Filter>
    <Filter Include="Level\Player">
      <UniqueIdentifier>{c5c2184f-973b-4ba3-906a-8fff7b1775fb}</UniqueIdentifier>
    </Filter>
    <Filter Include="Level\Pyramid">
      <UniqueIdentifier>{7c1e46b0-0b2f-4937-aaec-570d2a946182}</UniqueIdentifier>
    </Filter>
    <Filter Include="Level\Player\Commands">
      <UniqueIdentifier>{853e7f2f-3d25-41de-8340-3650f72ef225}</UniqueIdentifier>
    </Filter>
    <Filter Include="Level\Components">
      <UniqueIdentifier>{e50f0a3f-a894-4023-89ba-0a794955de89}</UniqueIdentifier>
    </Filter>
  </ItemGroup>
  <ItemGroup>
    <ClCompile Include="main.cpp">
      <Filter>Source Files</Filter>
    </ClCompile>
    <ClCompile Include="PyramidCubes.cpp">
      <Filter>Level\Pyramid</Filter>
    </ClCompile>
    <ClCompile Include="Cube.cpp">
      <Filter>Level\Pyramid</Filter>
    </ClCompile>
    <ClCompile Include="QBert.cpp">
      <Filter>Level\Player</Filter>
    </ClCompile>
    <ClCompile Include="Level.cpp">
      <Filter>Level</Filter>
    </ClCompile>
    <ClCompile Include="..\Minigin\SingleMovementComponent.cpp">
      <Filter>Level\Player</Filter>
    </ClCompile>
    <ClCompile Include="LevelHandeler.cpp">
      <Filter>Level</Filter>
    </ClCompile>
    <ClCompile Include="HealthComponentQbert.cpp">
      <Filter>Level\Components</Filter>
    </ClCompile>
  </ItemGroup>
  <ItemGroup>
    <ClInclude Include="PyramidCubes.h">
      <Filter>Level\Pyramid</Filter>
    </ClInclude>
    <ClInclude Include="Cube.h">
      <Filter>Level\Pyramid</Filter>
    </ClInclude>
    <ClInclude Include="QBert.h">
      <Filter>Level\Player</Filter>
    </ClInclude>
    <ClInclude Include="Level.h">
      <Filter>Level</Filter>
    </ClInclude>
    <ClInclude Include="..\Minigin\SingleMovementComponent.h">
      <Filter>Level\Player</Filter>
    </ClInclude>
    <ClInclude Include="PlayerCommands.h">
      <Filter>Level\Player\Commands</Filter>
    </ClInclude>
    <ClInclude Include="LevelHandeler.h">
      <Filter>Level</Filter>
    </ClInclude>
    <ClInclude Include="HealthComponentQbert.h">
      <Filter>Level\Components</Filter>
    </ClInclude>
  </ItemGroup>
</Project>