<?xml version="1.0" encoding="utf-8"?>
<Project ToolsVersion="4.0" xmlns="http://schemas.microsoft.com/developer/msbuild/2003">
  <ItemGroup>
    <Filter Include="Source Files">
      <UniqueIdentifier>{4FC737F1-C7A5-4376-A066-2A32D752A2FF}</UniqueIdentifier>
      <Extensions>cpp;c;cc;cxx;def;odl;idl;hpj;bat;asm;asmx</Extensions>
    </Filter>
    <Filter Include="Resource Files">
      <UniqueIdentifier>{67DA6AB6-F800-4c08-8B7A-83BB121AAD01}</UniqueIdentifier>
      <Extensions>rc;ico;cur;bmp;dlg;rc2;rct;bin;rgs;gif;jpg;jpeg;jpe;resx;tiff;tif;png;wav;mfcribbon-ms</Extensions>
    </Filter>
    <Filter Include="Objects">
      <UniqueIdentifier>{657ebef9-47d2-4e11-b44b-9db24159ec3c}</UniqueIdentifier>
    </Filter>
    <Filter Include="Objects\Components">
      <UniqueIdentifier>{08ac2f44-58a8-4376-9521-acc83410e720}</UniqueIdentifier>
    </Filter>
    <Filter Include="Objects\Components\Rest">
      <UniqueIdentifier>{1bb5585c-b3a8-4e09-a5e5-fa9e8bcf1839}</UniqueIdentifier>
    </Filter>
    <Filter Include="Core">
      <UniqueIdentifier>{2304ccc2-6b8f-4de5-beef-9b706556bb4b}</UniqueIdentifier>
    </Filter>
    <Filter Include="InputSystem">
      <UniqueIdentifier>{6ce657aa-1997-4f29-80bb-a666117684c2}</UniqueIdentifier>
    </Filter>
    <Filter Include="Observers">
      <UniqueIdentifier>{921f4acc-1e12-444d-8194-73d487e61bcb}</UniqueIdentifier>
    </Filter>
    <Filter Include="Observers\Events">
      <UniqueIdentifier>{aeec0910-c68c-453d-95ab-800bd1d32156}</UniqueIdentifier>
    </Filter>
    <Filter Include="SoundSystem">
      <UniqueIdentifier>{7e47f848-027c-4a09-ad40-d19344d75822}</UniqueIdentifier>
    </Filter>
  </ItemGroup>
  <ItemGroup>
    <ClInclude Include="GameObject.h">
      <Filter>Objects</Filter>
    </ClInclude>
    <ClInclude Include="BaseComponent.h">
      <Filter>Objects\Components</Filter>
    </ClInclude>
    <ClInclude Include="TextComponent.h">
      <Filter>Objects\Components\Rest</Filter>
    </ClInclude>
    <ClInclude Include="Minigin.h">
      <Filter>Core</Filter>
    </ClInclude>
    <ClInclude Include="Renderer.h">
      <Filter>Core</Filter>
    </ClInclude>
    <ClInclude Include="GameTime.h">
      <Filter>Core</Filter>
    </ClInclude>
    <ClInclude Include="FPSComponent.h">
      <Filter>Objects\Components\Rest</Filter>
    </ClInclude>
    <ClInclude Include="TextureComponent.h">
      <Filter>Objects\Components\Rest</Filter>
    </ClInclude>
    <ClInclude Include="TransformCircleComponent.h">
      <Filter>Objects\Components\Rest</Filter>
    </ClInclude>
    <ClInclude Include="Font.h">
      <Filter>Source Files</Filter>
    </ClInclude>
    <ClInclude Include="ResourceManager.h">
      <Filter>Source Files</Filter>
    </ClInclude>
    <ClInclude Include="Scene.h">
      <Filter>Source Files</Filter>
    </ClInclude>
    <ClInclude Include="SceneManager.h">
      <Filter>Source Files</Filter>
    </ClInclude>
    <ClInclude Include="Singleton.h">
      <Filter>Source Files</Filter>
    </ClInclude>
    <ClInclude Include="Texture2D.h">
      <Filter>Source Files</Filter>
    </ClInclude>
    <ClInclude Include="Transform.h">
      <Filter>Source Files</Filter>
    </ClInclude>
    <ClInclude Include="InputManager.h">
      <Filter>InputSystem</Filter>
    </ClInclude>
    <ClInclude Include="InputStructs.h">
      <Filter>InputSystem</Filter>
    </ClInclude>
    <ClInclude Include="InputCommands.h">
      <Filter>InputSystem</Filter>
    </ClInclude>
    <ClInclude Include="MovenmentComponent.h">
      <Filter>Objects\Components\Rest</Filter>
    </ClInclude>
    <ClInclude Include="HealthComponent.h">
      <Filter>Objects\Components\Rest</Filter>
    </ClInclude>
    <ClInclude Include="Observer.h">
      <Filter>Observers</Filter>
    </ClInclude>
    <ClInclude Include="GameActor.h">
      <Filter>Observers</Filter>
    </ClInclude>
    <ClInclude Include="GameEvents.h">
      <Filter>Observers\Events</Filter>
    </ClInclude>
    <ClInclude Include="OnDeathEvent.h">
      <Filter>Observers\Events</Filter>
    </ClInclude>
    <ClInclude Include="OnTextChangedEvent.h">
      <Filter>Observers\Events</Filter>
    </ClInclude>
    <ClInclude Include="ScoreComponent.h">
      <Filter>Objects\Components\Rest</Filter>
    </ClInclude>
    <ClInclude Include="SoundSystem.h">
      <Filter>SoundSystem</Filter>
    </ClInclude>
    <ClInclude Include="SDLSoundSystem.h">
      <Filter>SoundSystem</Filter>
    </ClInclude>
    <ClInclude Include="NullSoundSystem.h">
      <Filter>SoundSystem</Filter>
    </ClInclude>
  </ItemGroup>
  <ItemGroup>
    <ClCompile Include="ResourceManager.cpp">
      <Filter>Source Files</Filter>
    </ClCompile>
    <ClCompile Include="Texture2D.cpp">
      <Filter>Source Files</Filter>
    </ClCompile>
    <ClCompile Include="Transform.cpp">
      <Filter>Source Files</Filter>
    </ClCompile>
    <ClCompile Include="Scene.cpp">
      <Filter>Source Files</Filter>
    </ClCompile>
    <ClCompile Include="SceneManager.cpp">
      <Filter>Source Files</Filter>
    </ClCompile>
    <ClCompile Include="Font.cpp">
      <Filter>Source Files</Filter>
    </ClCompile>
    <ClCompile Include="GameObject.cpp">
      <Filter>Objects</Filter>
    </ClCompile>
    <ClCompile Include="TextComponent.cpp">
      <Filter>Objects\Components\Rest</Filter>
    </ClCompile>
    <ClCompile Include="Minigin.cpp">
      <Filter>Core</Filter>
    </ClCompile>
    <ClCompile Include="Main.cpp">
      <Filter>Core</Filter>
    </ClCompile>
    <ClCompile Include="Renderer.cpp">
      <Filter>Core</Filter>
    </ClCompile>
    <ClCompile Include="FPSComponent.cpp">
      <Filter>Objects\Components\Rest</Filter>
    </ClCompile>
    <ClCompile Include="TextureComponent.cpp">
      <Filter>Objects\Components\Rest</Filter>
    </ClCompile>
    <ClCompile Include="TransformCircleComponent.cpp">
      <Filter>Objects\Components\Rest</Filter>
    </ClCompile>
    <ClCompile Include="BaseComponent.cpp">
      <Filter>Objects\Components</Filter>
    </ClCompile>
    <ClCompile Include="InputManager.cpp">
      <Filter>InputSystem</Filter>
    </ClCompile>
    <ClCompile Include="MovenmentComponent.cpp">
      <Filter>Objects\Components\Rest</Filter>
    </ClCompile>
    <ClCompile Include="HealthComponent.cpp">
      <Filter>Objects\Components\Rest</Filter>
    </ClCompile>
    <ClCompile Include="ScoreComponent.cpp">
      <Filter>Objects\Components\Rest</Filter>
    </ClCompile>
  </ItemGroup>
</Project>